
Microsoft Visual Studio Solution File, Format Version 12.00
# Visual Studio Version 17
VisualStudioVersion = 17.8.34322.80
MinimumVisualStudioVersion = 10.0.40219.1
Project("{9A19103F-16F7-4668-BE54-9A1E7A4F7556}") = "Introduccion_C_Sharp", "Introduccion_C_Sharp.csproj", "{0E372A20-0EEB-4D31-A5AB-B63943FBE400}"
EndProject
Project("{9A19103F-16F7-4668-BE54-9A1E7A4F7556}") = "Generics", "Generics\Generics.csproj", "{B2E31191-E0DE-43C3-AC3B-28CE544F64E5}"
EndProject
Project("{9A19103F-16F7-4668-BE54-9A1E7A4F7556}") = "JSON_Serializacion", "JSON_Serializacion\JSON_Serializacion.csproj", "{A457F81F-760C-49F4-A0BB-B48C8423EA64}"
EndProject
Project("{9A19103F-16F7-4668-BE54-9A1E7A4F7556}") = "Programacion_Funcional", "Programacion_Funcional\Programacion_Funcional.csproj", "{C387AA10-42F0-41CF-90E5-86267CA14FEA}"
EndProject
Project("{9A19103F-16F7-4668-BE54-9A1E7A4F7556}") = "Funcion_Clases", "Funcion_Clases\Funcion_Clases.csproj", "{E368C051-0011-4AB5-8DC3-65D570FECB22}"
EndProject
Project("{FAE04EC0-301F-11D3-BF4B-00C04F79EFBC}") = "Expresiones_Lambda", "Expresiones_Lambda\Expresiones_Lambda.csproj", "{185B071C-2A2E-425B-AECF-4C13922E6D59}"
EndProject
Project("{FAE04EC0-301F-11D3-BF4B-00C04F79EFBC}") = "Aprendiendo_LINQ", "Aprendiendo_LINQ\Aprendiendo_LINQ.csproj", "{51AF58F8-73AF-4B16-934C-83C9E1CA5FFF}"
EndProject
Global
	GlobalSection(SolutionConfigurationPlatforms) = preSolution
		Debug|Any CPU = Debug|Any CPU
		Release|Any CPU = Release|Any CPU
	EndGlobalSection
	GlobalSection(ProjectConfigurationPlatforms) = postSolution
		{0E372A20-0EEB-4D31-A5AB-B63943FBE400}.Debug|Any CPU.ActiveCfg = Debug|Any CPU
		{0E372A20-0EEB-4D31-A5AB-B63943FBE400}.Debug|Any CPU.Build.0 = Debug|Any CPU
		{0E372A20-0EEB-4D31-A5AB-B63943FBE400}.Release|Any CPU.ActiveCfg = Release|Any CPU
		{0E372A20-0EEB-4D31-A5AB-B63943FBE400}.Release|Any CPU.Build.0 = Release|Any CPU
		{B2E31191-E0DE-43C3-AC3B-28CE544F64E5}.Debug|Any CPU.ActiveCfg = Debug|Any CPU
		{B2E31191-E0DE-43C3-AC3B-28CE544F64E5}.Debug|Any CPU.Build.0 = Debug|Any CPU
		{B2E31191-E0DE-43C3-AC3B-28CE544F64E5}.Release|Any CPU.ActiveCfg = Release|Any CPU
		{B2E31191-E0DE-43C3-AC3B-28CE544F64E5}.Release|Any CPU.Build.0 = Release|Any CPU
		{A457F81F-760C-49F4-A0BB-B48C8423EA64}.Debug|Any CPU.ActiveCfg = Debug|Any CPU
		{A457F81F-760C-49F4-A0BB-B48C8423EA64}.Debug|Any CPU.Build.0 = Debug|Any CPU
		{A457F81F-760C-49F4-A0BB-B48C8423EA64}.Release|Any CPU.ActiveCfg = Release|Any CPU
		{A457F81F-760C-49F4-A0BB-B48C8423EA64}.Release|Any CPU.Build.0 = Release|Any CPU
		{C387AA10-42F0-41CF-90E5-86267CA14FEA}.Debug|Any CPU.ActiveCfg = Debug|Any CPU
		{C387AA10-42F0-41CF-90E5-86267CA14FEA}.Debug|Any CPU.Build.0 = Debug|Any CPU
		{C387AA10-42F0-41CF-90E5-86267CA14FEA}.Release|Any CPU.ActiveCfg = Release|Any CPU
		{C387AA10-42F0-41CF-90E5-86267CA14FEA}.Release|Any CPU.Build.0 = Release|Any CPU
		{E368C051-0011-4AB5-8DC3-65D570FECB22}.Debug|Any CPU.ActiveCfg = Debug|Any CPU
		{E368C051-0011-4AB5-8DC3-65D570FECB22}.Debug|Any CPU.Build.0 = Debug|Any CPU
		{E368C051-0011-4AB5-8DC3-65D570FECB22}.Release|Any CPU.ActiveCfg = Release|Any CPU
		{E368C051-0011-4AB5-8DC3-65D570FECB22}.Release|Any CPU.Build.0 = Release|Any CPU
		{185B071C-2A2E-425B-AECF-4C13922E6D59}.Debug|Any CPU.ActiveCfg = Debug|Any CPU
		{185B071C-2A2E-425B-AECF-4C13922E6D59}.Debug|Any CPU.Build.0 = Debug|Any CPU
		{185B071C-2A2E-425B-AECF-4C13922E6D59}.Release|Any CPU.ActiveCfg = Release|Any CPU
		{185B071C-2A2E-425B-AECF-4C13922E6D59}.Release|Any CPU.Build.0 = Release|Any CPU
		{51AF58F8-73AF-4B16-934C-83C9E1CA5FFF}.Debug|Any CPU.ActiveCfg = Debug|Any CPU
		{51AF58F8-73AF-4B16-934C-83C9E1CA5FFF}.Debug|Any CPU.Build.0 = Debug|Any CPU
		{51AF58F8-73AF-4B16-934C-83C9E1CA5FFF}.Release|Any CPU.ActiveCfg = Release|Any CPU
		{51AF58F8-73AF-4B16-934C-83C9E1CA5FFF}.Release|Any CPU.Build.0 = Release|Any CPU
	EndGlobalSection
	GlobalSection(SolutionProperties) = preSolution
		HideSolutionNode = FALSE
	EndGlobalSection
	GlobalSection(ExtensibilityGlobals) = postSolution
		SolutionGuid = {A692882F-01D8-4E4D-B08B-964E5C8AB3BC}
	EndGlobalSection
EndGlobal
